
Microsoft Visual Studio Solution File, Format Version 11.00
# Visual C# Express 2010
Project("{FAE04EC0-301F-11D3-BF4B-00C04F79EFBC}") = "Passages", "Passages\Passages.csproj", "{EDA1040E-836D-4914-AEE3-19D1B1F5AC34}"
EndProject
Global
	GlobalSection(SolutionConfigurationPlatforms) = preSolution
		Debug|Any CPU = Debug|Any CPU
		Debug|Mixed Platforms = Debug|Mixed Platforms
		Debug|x86 = Debug|x86
		Release|Any CPU = Release|Any CPU
		Release|Mixed Platforms = Release|Mixed Platforms
		Release|x86 = Release|x86
	EndGlobalSection
	GlobalSection(ProjectConfigurationPlatforms) = postSolution
		{EDA1040E-836D-4914-AEE3-19D1B1F5AC34}.Debug|Any CPU.ActiveCfg = Debug|Any CPU
		{EDA1040E-836D-4914-AEE3-19D1B1F5AC34}.Debug|Any CPU.Build.0 = Debug|Any CPU
		{EDA1040E-836D-4914-AEE3-19D1B1F5AC34}.Debug|Mixed Platforms.ActiveCfg = Debug|Any CPU
		{EDA1040E-836D-4914-AEE3-19D1B1F5AC34}.Debug|Mixed Platforms.Build.0 = Debug|Any CPU
		{EDA1040E-836D-4914-AEE3-19D1B1F5AC34}.Debug|x86.ActiveCfg = Debug|Any CPU
		{EDA1040E-836D-4914-AEE3-19D1B1F5AC34}.Release|Any CPU.ActiveCfg = Release|Any CPU
		{EDA1040E-836D-4914-AEE3-19D1B1F5AC34}.Release|Any CPU.Build.0 = Release|Any CPU
		{EDA1040E-836D-4914-AEE3-19D1B1F5AC34}.Release|Mixed Platforms.ActiveCfg = Release|Any CPU
		{EDA1040E-836D-4914-AEE3-19D1B1F5AC34}.Release|Mixed Platforms.Build.0 = Release|Any CPU
		{EDA1040E-836D-4914-AEE3-19D1B1F5AC34}.Release|x86.ActiveCfg = Release|Any CPU
	EndGlobalSection
	GlobalSection(SolutionProperties) = preSolution
		HideSolutionNode = FALSE
	EndGlobalSection
EndGlobal
